Microsoft Visual Studio Solution File, Format Version 12.00
# Visual Studio 14
VisualStudioVersion = 14.0.23107.0
MinimumVisualStudioVersion = 10.0.40219.1
Project("{FAE04EC0-301F-11D3-BF4B-00C04F79EFBC}") = "EZ-TIK", "Main\EZ-TIK\EZ-TIK.csproj", "{05232184-3359-4C0E-A790-02AD4ACE4995}"
EndProject
Project("{FAE04EC0-301F-11D3-BF4B-00C04F79EFBC}") = "EZ-TIK.LLDP", "Helpers\EZ-TIK.LLDP\EZ-TIK.LLDP.csproj", "{806C4FCA-D258-4CD0-9431-716F4F00847E}"
EndProject
Project("{FAE04EC0-301F-11D3-BF4B-00C04F79EFBC}") = "EZ-TIK.Converters", "Converters\EZ-TIK.Converters\EZ-TIK.Converters.csproj", "{FDB26E9A-CA44-4929-BEBA-C36A3423EBFE}"
EndProject
Project("{FAE04EC0-301F-11D3-BF4B-00C04F79EFBC}") = "EZ-TIK.Resources", "Resources\EZ-TIK.Resources\EZ-TIK.Resources.csproj", "{622E9365-3918-4271-9D65-EB7837CBF683}"
EndProject
Project("{FAE04EC0-301F-11D3-BF4B-00C04F79EFBC}") = "EZ-TIK.Models", "Models\EZ-TIK.Models\EZ-TIK.Models.csproj", "{D54CB2E8-C840-4788-AA4F-5EDCC85EA383}"
EndProject
Project("{2150E333-8FDC-42A3-9474-1A3956D46DE8}") = "Main", "Main", "{EAEDFA03-9B5E-4997-ADD3-AF9F17082297}"
EndProject
Project("{2150E333-8FDC-42A3-9474-1A3956D46DE8}") = "Converters", "Converters", "{EE0246FF-2ACC-4643-AB2C-2D00DBA20E09}"
EndProject
Project("{2150E333-8FDC-42A3-9474-1A3956D46DE8}") = "Resources", "Resources", "{CFA3FD50-213F-4D36-895A-E2F4F6C8AE92}"
EndProject
Project("{2150E333-8FDC-42A3-9474-1A3956D46DE8}") = "Helpers", "Helpers", "{B27049BA-30F7-4B0A-AC6F-A7C613D7FCAA}"
EndProject
Project("{2150E333-8FDC-42A3-9474-1A3956D46DE8}") = "Models", "Models", "{60F486FA-567F-4182-9C0D-60D59161A0FA}"
EndProject
Project("{FAE04EC0-301F-11D3-BF4B-00C04F79EFBC}") = "EZ-TIK.Parsers", "Helpers\EZ-TIK.Parsers\EZ-TIK.Parsers.csproj", "{70C6DEA0-0757-4A0B-A052-0CB36234C4EA}"
EndProject
Project("{2150E333-8FDC-42A3-9474-1A3956D46DE8}") = "Attached Properties", "Attached Properties", "{D5F6A2D9-E68C-4F60-AC39-C5B5214AB185}"
EndProject
Project("{FAE04EC0-301F-11D3-BF4B-00C04F79EFBC}") = "EZ-TIK.AttachedProperties", "EZ-TIK.AttachedProperties\EZ-TIK.AttachedProperties.csproj", "{CD996096-A027-40C6-9C53-D846B79124B8}"
EndProject
Project("{FAE04EC0-301F-11D3-BF4B-00C04F79EFBC}") = "EZ-TIK.Utils", "EZ-TIK.Utils\EZ-TIK.Utils.csproj", "{09A59251-75AA-43C9-9E3B-11773CDA3B98}"
EndProject
Global
	GlobalSection(SolutionConfigurationPlatforms) = preSolution
		Debug|Any CPU = Debug|Any CPU
		Release|Any CPU = Release|Any CPU
	EndGlobalSection
	GlobalSection(ProjectConfigurationPlatforms) = postSolution
		{05232184-3359-4C0E-A790-02AD4ACE4995}.Debug|Any CPU.ActiveCfg = Debug|Any CPU
		{05232184-3359-4C0E-A790-02AD4ACE4995}.Debug|Any CPU.Build.0 = Debug|Any CPU
		{05232184-3359-4C0E-A790-02AD4ACE4995}.Release|Any CPU.ActiveCfg = Release|Any CPU
		{05232184-3359-4C0E-A790-02AD4ACE4995}.Release|Any CPU.Build.0 = Release|Any CPU
		{806C4FCA-D258-4CD0-9431-716F4F00847E}.Debug|Any CPU.ActiveCfg = Debug|Any CPU
		{806C4FCA-D258-4CD0-9431-716F4F00847E}.Debug|Any CPU.Build.0 = Debug|Any CPU
		{806C4FCA-D258-4CD0-9431-716F4F00847E}.Release|Any CPU.ActiveCfg = Release|Any CPU
		{806C4FCA-D258-4CD0-9431-716F4F00847E}.Release|Any CPU.Build.0 = Release|Any CPU
		{FDB26E9A-CA44-4929-BEBA-C36A3423EBFE}.Debug|Any CPU.ActiveCfg = Debug|Any CPU
		{FDB26E9A-CA44-4929-BEBA-C36A3423EBFE}.Debug|Any CPU.Build.0 = Debug|Any CPU
		{FDB26E9A-CA44-4929-BEBA-C36A3423EBFE}.Release|Any CPU.ActiveCfg = Release|Any CPU
		{FDB26E9A-CA44-4929-BEBA-C36A3423EBFE}.Release|Any CPU.Build.0 = Release|Any CPU
		{622E9365-3918-4271-9D65-EB7837CBF683}.Debug|Any CPU.ActiveCfg = Debug|Any CPU
		{622E9365-3918-4271-9D65-EB7837CBF683}.Debug|Any CPU.Build.0 = Debug|Any CPU
		{622E9365-3918-4271-9D65-EB7837CBF683}.Release|Any CPU.ActiveCfg = Release|Any CPU
		{622E9365-3918-4271-9D65-EB7837CBF683}.Release|Any CPU.Build.0 = Release|Any CPU
		{D54CB2E8-C840-4788-AA4F-5EDCC85EA383}.Debug|Any CPU.ActiveCfg = Debug|Any CPU
		{D54CB2E8-C840-4788-AA4F-5EDCC85EA383}.Debug|Any CPU.Build.0 = Debug|Any CPU
		{D54CB2E8-C840-4788-AA4F-5EDCC85EA383}.Release|Any CPU.ActiveCfg = Release|Any CPU
		{D54CB2E8-C840-4788-AA4F-5EDCC85EA383}.Release|Any CPU.Build.0 = Release|Any CPU
		{70C6DEA0-0757-4A0B-A052-0CB36234C4EA}.Debug|Any CPU.ActiveCfg = Debug|Any CPU
		{70C6DEA0-0757-4A0B-A052-0CB36234C4EA}.Debug|Any CPU.Build.0 = Debug|Any CPU
		{70C6DEA0-0757-4A0B-A052-0CB36234C4EA}.Release|Any CPU.ActiveCfg = Release|Any CPU
		{70C6DEA0-0757-4A0B-A052-0CB36234C4EA}.Release|Any CPU.Build.0 = Release|Any CPU
		{CD996096-A027-40C6-9C53-D846B79124B8}.Debug|Any CPU.ActiveCfg = Debug|Any CPU
		{CD996096-A027-40C6-9C53-D846B79124B8}.Debug|Any CPU.Build.0 = Debug|Any CPU
		{CD996096-A027-40C6-9C53-D846B79124B8}.Release|Any CPU.ActiveCfg = Release|Any CPU
		{CD996096-A027-40C6-9C53-D846B79124B8}.Release|Any CPU.Build.0 = Release|Any CPU
		{09A59251-75AA-43C9-9E3B-11773CDA3B98}.Debug|Any CPU.ActiveCfg = Debug|Any CPU
		{09A59251-75AA-43C9-9E3B-11773CDA3B98}.Debug|Any CPU.Build.0 = Debug|Any CPU
		{09A59251-75AA-43C9-9E3B-11773CDA3B98}.Release|Any CPU.ActiveCfg = Release|Any CPU
		{09A59251-75AA-43C9-9E3B-11773CDA3B98}.Release|Any CPU.Build.0 = Release|Any CPU
	EndGlobalSection
	GlobalSection(SolutionProperties) = preSolution
		HideSolutionNode = FALSE
	EndGlobalSection
	GlobalSection(NestedProjects) = preSolution
		{05232184-3359-4C0E-A790-02AD4ACE4995} = {EAEDFA03-9B5E-4997-ADD3-AF9F17082297}
		{806C4FCA-D258-4CD0-9431-716F4F00847E} = {B27049BA-30F7-4B0A-AC6F-A7C613D7FCAA}
		{FDB26E9A-CA44-4929-BEBA-C36A3423EBFE} = {EE0246FF-2ACC-4643-AB2C-2D00DBA20E09}
		{622E9365-3918-4271-9D65-EB7837CBF683} = {CFA3FD50-213F-4D36-895A-E2F4F6C8AE92}
		{D54CB2E8-C840-4788-AA4F-5EDCC85EA383} = {60F486FA-567F-4182-9C0D-60D59161A0FA}
		{70C6DEA0-0757-4A0B-A052-0CB36234C4EA} = {B27049BA-30F7-4B0A-AC6F-A7C613D7FCAA}
		{CD996096-A027-40C6-9C53-D846B79124B8} = {D5F6A2D9-E68C-4F60-AC39-C5B5214AB185}
		{09A59251-75AA-43C9-9E3B-11773CDA3B98} = {B27049BA-30F7-4B0A-AC6F-A7C613D7FCAA}
	EndGlobalSection
EndGlobal
